{
  "pins" : [
    {
      "identity" : "microsoft-authentication-library-for-objc",
      "kind" : "remoteSourceControl",
      "location" : "https://github.com/AzureAD/microsoft-authentication-library-for-objc",
      "state" : {
        "branch" : "spetrescu/testspm",
        "revision" : "875e81ab54e1f1f6a287601fa9956206f4bf3599"
      }
    }
  ],
  "version" : 2
}
