{
  "originHash" : "0210b0d8bdf78f3ea275a5e0688a6bda67366a571df9b9fc7728e8d3a46f78a2",
  "pins" : [
    {
      "identity" : "microsoft-authentication-library-for-objc",
      "kind" : "remoteSourceControl",
      "location" : "https://github.com/AzureAD/microsoft-authentication-library-for-objc",
      "state" : {
        "revision" : "332bc5a808099da0ee82c27eefa57f763bc76fd5",
        "version" : "1.8.1"
      }
    }
  ],
  "version" : 3
}
