{
  "originHash" : "0210b0d8bdf78f3ea275a5e0688a6bda67366a571df9b9fc7728e8d3a46f78a2",
  "pins" : [
    {
      "identity" : "microsoft-authentication-library-for-objc",
      "kind" : "remoteSourceControl",
      "location" : "https://github.com/AzureAD/microsoft-authentication-library-for-objc",
      "state" : {
        "revision" : "03ed4aed29eceb75781f361bfad7f09635212bff",
        "version" : "2.0.0"
      }
    }
  ],
  "version" : 3
}
