// !$*UTF8*$!
{
	archiveVersion = 1;
	classes = {
	};
	objectVersion = 55;
	objects = {

/* Begin PBXBuildFile section */
		09F844D49F0383B4422ECB96 /* VerifyCodeSheet.swift in Sources */ = {isa = PBXBuildFile; fileRef = 64624F33962651BEA10814E8 /* VerifyCodeSheet.swift */; };
		194A56808D449E1A9F82E768 /* SignInViewModel.swift in Sources */ = {isa = PBXBuildFile; fileRef = FE331E00CE11A4B00C4042E0 /* SignInViewModel.swift */; };
		232A823F2FF49AF500100CFB /* MSAL.framework in Frameworks */ = {isa = PBXBuildFile; fileRef = 232A821C2FF49AA300100CFB /* MSAL.framework */; };
		232A82402FF49AF500100CFB /* MSAL.framework in Embed Frameworks */ = {isa = PBXBuildFile; fileRef = 232A821C2FF49AA300100CFB /* MSAL.framework */; settings = {ATTRIBUTES = (CodeSignOnCopy, RemoveHeadersOnCopy, ); }; };
		2387CCE52FFC659000E30923 /* SignInView.swift in Sources */ = {isa = PBXBuildFile; fileRef = 2387CCE42FFC659000E30923 /* SignInView.swift */; };
		2D1249EA8F479B4559696DDA /* SignedInView.swift in Sources */ = {isa = PBXBuildFile; fileRef = E8F1422AA694CF5B65FD1336 /* SignedInView.swift */; };
		409240E784CE9398B9C4D8EF /* SignInViewModelV1ObjC.h in Headers */ = {isa = PBXBuildFile; fileRef = 9C5B4F6D9560AF9ED168B07B /* SignInViewModelV1ObjC.h */; };
		6AF8427BAB532E199CA3C23E /* SignInViewModel+ProtectedAPI.swift in Sources */ = {isa = PBXBuildFile; fileRef = B67F492BB21A35BD2BC73152 /* SignInViewModel+ProtectedAPI.swift */; };
		7FE446A0BEAE43DF213A33D8 /* SignInViewModelV1ObjC.m in Sources */ = {isa = PBXBuildFile; fileRef = D95542588097B4BC9EA53CD2 /* SignInViewModelV1ObjC.m */; };
		9B08477D29969265003BA4B4 /* Assets.xcassets in Resources */ = {isa = PBXBuildFile; fileRef = 9B08477C29969265003BA4B4 /* Assets.xcassets */; };
		9BE0CE6029EEE00B00F2C77F /* Configuration.swift in Sources */ = {isa = PBXBuildFile; fileRef = 9BE0CE5F29EEE00B00F2C77F /* Configuration.swift */; };
		B5684EFFBF5C576F0191DBC1 /* SignInViewModel+WebSocial.swift in Sources */ = {isa = PBXBuildFile; fileRef = C0E4452E9673429297190A90 /* SignInViewModel+WebSocial.swift */; };
		CB4044A9BEACF3494BB12E65 /* CollectAttributesSheet.swift in Sources */ = {isa = PBXBuildFile; fileRef = 3DA6427EAF35F7901EA7B481 /* CollectAttributesSheet.swift */; };
		CE6441C6B6DF4566A12AA6F7 /* SelectAuthMethodSheet.swift in Sources */ = {isa = PBXBuildFile; fileRef = 747B41E7965CA916B9344C2A /* SelectAuthMethodSheet.swift */; };
		DDE342B0935E1834D6B6659B /* SignInViewModel+SignUp.swift in Sources */ = {isa = PBXBuildFile; fileRef = 5BE34D6EAE7D82693A264775 /* SignInViewModel+SignUp.swift */; };
		F2134E5C9F3FD49314DE35CB /* NativeAuthSampleAppApp.swift in Sources */ = {isa = PBXBuildFile; fileRef = 2BA1498CA6178151ABE704E3 /* NativeAuthSampleAppApp.swift */; };
		F5974EC3BFBC0077F850909C /* NewPasswordSheet.swift in Sources */ = {isa = PBXBuildFile; fileRef = ED154C1C8FE89752B0CC6DE3 /* NewPasswordSheet.swift */; };
		F9934A3790CDF3596761055C /* SignInViewModel+V1ObjCBridge.swift in Sources */ = {isa = PBXBuildFile; fileRef = CE194F13921977D88346BA4A /* SignInViewModel+V1ObjCBridge.swift */; };
		FE331E01CE11A4B00C4042E1 /* SignInViewModel+V1.swift in Sources */ = {isa = PBXBuildFile; fileRef = FE331E02CE11A4B00C4042E2 /* SignInViewModel+V1.swift */; };
		FE331E03CE11A4B00C4042E3 /* SignInViewModel+V2.swift in Sources */ = {isa = PBXBuildFile; fileRef = FE331E04CE11A4B00C4042E4 /* SignInViewModel+V2.swift */; };
		FE331E13CE11A4B00C4042F3 /* SignInViewModelV2ObjC.m in Sources */ = {isa = PBXBuildFile; fileRef = FE331E12CE11A4B00C4042F2 /* SignInViewModelV2ObjC.m */; };
		FE331E15CE11A4B00C4042F5 /* SignInViewModel+V2ObjCBridge.swift in Sources */ = {isa = PBXBuildFile; fileRef = FE331E14CE11A4B00C4042F4 /* SignInViewModel+V2ObjCBridge.swift */; };
/* End PBXBuildFile section */

/* Begin PBXContainerItemProxy section */
		232A821B2FF49AA300100CFB /* PBXContainerItemProxy */ = {
			isa = PBXContainerItemProxy;
			containerPortal = 232A81FB2FF49A9200100CFB /* MSAL.xcodeproj */;
			proxyType = 2;
			remoteGlobalIDString = D65A6F431E3FD30A00C69FBA;
			remoteInfo = "MSAL (iOS Framework)";
		};
		232A821D2FF49AA300100CFB /* PBXContainerItemProxy */ = {
			isa = PBXContainerItemProxy;
			containerPortal = 232A81FB2FF49A9200100CFB /* MSAL.xcodeproj */;
			proxyType = 2;
			remoteGlobalIDString = D65A6FC11E3FF47D00C69FBA;
			remoteInfo = "MSAL iOS Unit Tests";
		};
		232A821F2FF49AA300100CFB /* PBXContainerItemProxy */ = {
			isa = PBXContainerItemProxy;
			containerPortal = 232A81FB2FF49A9200100CFB /* MSAL.xcodeproj */;
			proxyType = 2;
			remoteGlobalIDString = D65A6F501E3FD32D00C69FBA;
			remoteInfo = "MSAL (Mac Framework)";
		};
		232A82212FF49AA300100CFB /* PBXContainerItemProxy */ = {
			isa = PBXContainerItemProxy;
			containerPortal = 232A81FB2FF49A9200100CFB /* MSAL.xcodeproj */;
			proxyType = 2;
			remoteGlobalIDString = D65A6FD01E3FF49C00C69FBA;
			remoteInfo = "MSAL Mac Unit Tests";
		};
		232A82232FF49AA300100CFB /* PBXContainerItemProxy */ = {
			isa = PBXContainerItemProxy;
			containerPortal = 232A81FB2FF49A9200100CFB /* MSAL.xcodeproj */;
			proxyType = 2;
			remoteGlobalIDString = D61A64331E5A29580086D120;
			remoteInfo = "MSAL Test App (iOS)";
		};
		232A82252FF49AA300100CFB /* PBXContainerItemProxy */ = {
			isa = PBXContainerItemProxy;
			containerPortal = 232A81FB2FF49A9200100CFB /* MSAL.xcodeproj */;
			proxyType = 2;
			remoteGlobalIDString = 962E37BC1E720C5D00DE71FE;
			remoteInfo = "MSAL Test Automation (iOS)";
		};
		232A82272FF49AA300100CFB /* PBXContainerItemProxy */ = {
			isa = PBXContainerItemProxy;
			containerPortal = 232A81FB2FF49A9200100CFB /* MSAL.xcodeproj */;
			proxyType = 2;
			remoteGlobalIDString = D672279F1EBD111900F3422A;
			remoteInfo = "unit-test-host";
		};
		232A82292FF49AA300100CFB /* PBXContainerItemProxy */ = {
			isa = PBXContainerItemProxy;
			containerPortal = 232A81FB2FF49A9200100CFB /* MSAL.xcodeproj */;
			proxyType = 2;
			remoteGlobalIDString = B2BB73702112C32C000EA4C5;
			remoteInfo = InteractiveiOSTests;
		};
		232A822B2FF49AA300100CFB /* PBXContainerItemProxy */ = {
			isa = PBXContainerItemProxy;
			containerPortal = 232A81FB2FF49A9200100CFB /* MSAL.xcodeproj */;
			proxyType = 2;
			remoteGlobalIDString = B29E2ACE21238F5200B170ED;
			remoteInfo = MultiAppiOSTests;
		};
		232A822D2FF49AA300100CFB /* PBXContainerItemProxy */ = {
			isa = PBXContainerItemProxy;
			containerPortal = 232A81FB2FF49A9200100CFB /* MSAL.xcodeproj */;
			proxyType = 2;
			remoteGlobalIDString = 1E614BDA22558D8300EBF62F;
			remoteInfo = "MSAL Test App (Mac)";
		};
		232A822F2FF49AA300100CFB /* PBXContainerItemProxy */ = {
			isa = PBXContainerItemProxy;
			containerPortal = 232A81FB2FF49A9200100CFB /* MSAL.xcodeproj */;
			proxyType = 2;
			remoteGlobalIDString = 04A6B57B226921890035C7C2;
			remoteInfo = "MSAL (iOS Static Library)";
		};
		232A82312FF49AA300100CFB /* PBXContainerItemProxy */ = {
			isa = PBXContainerItemProxy;
			containerPortal = 232A81FB2FF49A9200100CFB /* MSAL.xcodeproj */;
			proxyType = 2;
			remoteGlobalIDString = 04A6B59C2269286F0035C7C2;
			remoteInfo = "MSAL (Mac Static Library)";
		};
		232A82332FF49AA300100CFB /* PBXContainerItemProxy */ = {
			isa = PBXContainerItemProxy;
			containerPortal = 232A81FB2FF49A9200100CFB /* MSAL.xcodeproj */;
			proxyType = 2;
			remoteGlobalIDString = B295A16422D0348400FFB313;
			remoteInfo = "unit-test-host-mac";
		};
		232A82352FF49AA300100CFB /* PBXContainerItemProxy */ = {
			isa = PBXContainerItemProxy;
			containerPortal = 232A81FB2FF49A9200100CFB /* MSAL.xcodeproj */;
			proxyType = 2;
			remoteGlobalIDString = 28D1D56C29BF62E900CE75F4;
			remoteInfo = "MSAL iOS Native Auth Integration Tests";
		};
		232A82372FF49AA300100CFB /* PBXContainerItemProxy */ = {
			isa = PBXContainerItemProxy;
			containerPortal = 232A81FB2FF49A9200100CFB /* MSAL.xcodeproj */;
			proxyType = 2;
			remoteGlobalIDString = 91AA24522BDF6439005037EA;
			remoteInfo = "MSAL Test App (visionOS)";
		};
		232A82392FF49AA300100CFB /* PBXContainerItemProxy */ = {
			isa = PBXContainerItemProxy;
			containerPortal = 232A81FB2FF49A9200100CFB /* MSAL.xcodeproj */;
			proxyType = 2;
			remoteGlobalIDString = 28CED2E82C21E0F9004320D1;
			remoteInfo = "MSAL iOS Native Auth E2E Tests";
		};
		232A823B2FF49AA300100CFB /* PBXContainerItemProxy */ = {
			isa = PBXContainerItemProxy;
			containerPortal = 232A81FB2FF49A9200100CFB /* MSAL.xcodeproj */;
			proxyType = 2;
			remoteGlobalIDString = DE1BD0CF2C3C275200B0888E;
			remoteInfo = "MSAL Mac Native Auth Integration Tests";
		};
		232A823D2FF49AA300100CFB /* PBXContainerItemProxy */ = {
			isa = PBXContainerItemProxy;
			containerPortal = 232A81FB2FF49A9200100CFB /* MSAL.xcodeproj */;
			proxyType = 2;
			remoteGlobalIDString = DE1BD0F62C3C282900B0888E;
			remoteInfo = "MSAL Mac Native Auth E2E Tests";
		};
/* End PBXContainerItemProxy section */

/* Begin PBXCopyFilesBuildPhase section */
		232A82412FF49AF500100CFB /* Embed Frameworks */ = {
			isa = PBXCopyFilesBuildPhase;
			buildActionMask = 2147483647;
			dstPath = "";
			dstSubfolderSpec = 10;
			files = (
				232A82402FF49AF500100CFB /* MSAL.framework in Embed Frameworks */,
			);
			name = "Embed Frameworks";
			runOnlyForDeploymentPostprocessing = 0;
		};
/* End PBXCopyFilesBuildPhase section */

/* Begin PBXFileReference section */
		232A81FB2FF49A9200100CFB /* MSAL.xcodeproj */ = {isa = PBXFileReference; lastKnownFileType = "wrapper.pb-project"; name = MSAL.xcodeproj; path = "../azure-activedirectory-tokenbroker-for-objc/azure-activedirectory-tokenbroker-for-objc/ADAuthenticationBroker/Frameworks/microsoft-authentication-library-for-objc/MSAL/MSAL.xcodeproj"; sourceTree = "<group>"; };
		2387CCE42FFC659000E30923 /* SignInView.swift */ = {isa = PBXFileReference; lastKnownFileType = sourcecode.swift; path = SignInView.swift; sourceTree = "<group>"; };
		2BA1498CA6178151ABE704E3 /* NativeAuthSampleAppApp.swift */ = {isa = PBXFileReference; lastKnownFileType = sourcecode.swift; name = NativeAuthSampleAppApp.swift; path = NativeAuthSampleApp/App/NativeAuthSampleAppApp.swift; sourceTree = SOURCE_ROOT; };
		3DA6427EAF35F7901EA7B481 /* CollectAttributesSheet.swift */ = {isa = PBXFileReference; lastKnownFileType = sourcecode.swift; name = CollectAttributesSheet.swift; path = NativeAuthSampleApp/SignIn/Views/Sheets/CollectAttributesSheet.swift; sourceTree = SOURCE_ROOT; };
		5BE34D6EAE7D82693A264775 /* SignInViewModel+SignUp.swift */ = {isa = PBXFileReference; lastKnownFileType = sourcecode.swift; name = "SignInViewModel+SignUp.swift"; path = "NativeAuthSampleApp/SignIn/ViewModels/SignInViewModel+SignUp.swift"; sourceTree = SOURCE_ROOT; };
		64624F33962651BEA10814E8 /* VerifyCodeSheet.swift */ = {isa = PBXFileReference; lastKnownFileType = sourcecode.swift; name = VerifyCodeSheet.swift; path = NativeAuthSampleApp/SignIn/Views/Sheets/VerifyCodeSheet.swift; sourceTree = SOURCE_ROOT; };
		747B41E7965CA916B9344C2A /* SelectAuthMethodSheet.swift */ = {isa = PBXFileReference; lastKnownFileType = sourcecode.swift; name = SelectAuthMethodSheet.swift; path = NativeAuthSampleApp/SignIn/Views/Sheets/SelectAuthMethodSheet.swift; sourceTree = SOURCE_ROOT; };
		9B08477029969264003BA4B4 /* NativeAuthSampleApp.app */ = {isa = PBXFileReference; explicitFileType = wrapper.application; includeInIndex = 0; path = NativeAuthSampleApp.app; sourceTree = BUILT_PRODUCTS_DIR; };
		9B08477C29969265003BA4B4 /* Assets.xcassets */ = {isa = PBXFileReference; lastKnownFileType = folder.assetcatalog; path = Assets.xcassets; sourceTree = "<group>"; };
		9B08478129969265003BA4B4 /* Info.plist */ = {isa = PBXFileReference; lastKnownFileType = text.plist.xml; path = Info.plist; sourceTree = "<group>"; };
		9B9DD5172A053E8600042B43 /* NativeAuthSampleApp-Bridging-Header.h */ = {isa = PBXFileReference; lastKnownFileType = sourcecode.c.h; path = "NativeAuthSampleApp-Bridging-Header.h"; sourceTree = "<group>"; };
		9BE0CE5F29EEE00B00F2C77F /* Configuration.swift */ = {isa = PBXFileReference; lastKnownFileType = sourcecode.swift; path = Configuration.swift; sourceTree = "<group>"; };
		9BFB690129E0002B006F0CF4 /* NativeAuthSampleApp.entitlements */ = {isa = PBXFileReference; lastKnownFileType = text.plist.entitlements; path = NativeAuthSampleApp.entitlements; sourceTree = "<group>"; };
		9C5B4F6D9560AF9ED168B07B /* SignInViewModelV1ObjC.h */ = {isa = PBXFileReference; lastKnownFileType = sourcecode.c.h; name = SignInViewModelV1ObjC.h; path = NativeAuthSampleApp/SignIn/ViewModels/SignInViewModelV1ObjC.h; sourceTree = SOURCE_ROOT; };
		B67F492BB21A35BD2BC73152 /* SignInViewModel+ProtectedAPI.swift */ = {isa = PBXFileReference; lastKnownFileType = sourcecode.swift; name = "SignInViewModel+ProtectedAPI.swift"; path = "NativeAuthSampleApp/SignIn/ViewModels/SignInViewModel+ProtectedAPI.swift"; sourceTree = SOURCE_ROOT; };
		C0E4452E9673429297190A90 /* SignInViewModel+WebSocial.swift */ = {isa = PBXFileReference; lastKnownFileType = sourcecode.swift; name = "SignInViewModel+WebSocial.swift"; path = "NativeAuthSampleApp/SignIn/ViewModels/SignInViewModel+WebSocial.swift"; sourceTree = SOURCE_ROOT; };
		CE194F13921977D88346BA4A /* SignInViewModel+V1ObjCBridge.swift */ = {isa = PBXFileReference; lastKnownFileType = sourcecode.swift; name = "SignInViewModel+V1ObjCBridge.swift"; path = "NativeAuthSampleApp/SignIn/ViewModels/SignInViewModel+V1ObjCBridge.swift"; sourceTree = SOURCE_ROOT; };
		D95542588097B4BC9EA53CD2 /* SignInViewModelV1ObjC.m */ = {isa = PBXFileReference; lastKnownFileType = sourcecode.c.objc; name = SignInViewModelV1ObjC.m; path = NativeAuthSampleApp/SignIn/ViewModels/SignInViewModelV1ObjC.m; sourceTree = SOURCE_ROOT; };
		E8F1422AA694CF5B65FD1336 /* SignedInView.swift */ = {isa = PBXFileReference; lastKnownFileType = sourcecode.swift; name = SignedInView.swift; path = NativeAuthSampleApp/SignIn/Views/SignedInView.swift; sourceTree = SOURCE_ROOT; };
		ED154C1C8FE89752B0CC6DE3 /* NewPasswordSheet.swift */ = {isa = PBXFileReference; lastKnownFileType = sourcecode.swift; name = NewPasswordSheet.swift; path = NativeAuthSampleApp/SignIn/Views/Sheets/NewPasswordSheet.swift; sourceTree = SOURCE_ROOT; };
		FE331E00CE11A4B00C4042E0 /* SignInViewModel.swift */ = {isa = PBXFileReference; lastKnownFileType = sourcecode.swift; path = SignInViewModel.swift; sourceTree = "<group>"; };
		FE331E02CE11A4B00C4042E2 /* SignInViewModel+V1.swift */ = {isa = PBXFileReference; lastKnownFileType = sourcecode.swift; path = "SignInViewModel+V1.swift"; sourceTree = "<group>"; };
		FE331E04CE11A4B00C4042E4 /* SignInViewModel+V2.swift */ = {isa = PBXFileReference; lastKnownFileType = sourcecode.swift; path = "SignInViewModel+V2.swift"; sourceTree = "<group>"; };
		FE331E10CE11A4B00C4042F0 /* SignInViewModelV2ObjC.h */ = {isa = PBXFileReference; lastKnownFileType = sourcecode.c.h; path = SignInViewModelV2ObjC.h; sourceTree = "<group>"; };
		FE331E12CE11A4B00C4042F2 /* SignInViewModelV2ObjC.m */ = {isa = PBXFileReference; lastKnownFileType = sourcecode.c.objc; path = SignInViewModelV2ObjC.m; sourceTree = "<group>"; };
		FE331E14CE11A4B00C4042F4 /* SignInViewModel+V2ObjCBridge.swift */ = {isa = PBXFileReference; lastKnownFileType = sourcecode.swift; path = "SignInViewModel+V2ObjCBridge.swift"; sourceTree = "<group>"; };
/* End PBXFileReference section */

/* Begin PBXFrameworksBuildPhase section */
		9B08476D29969264003BA4B4 /* Frameworks */ = {
			isa = PBXFrameworksBuildPhase;
			buildActionMask = 2147483647;
			files = (
				232A823F2FF49AF500100CFB /* MSAL.framework in Frameworks */,
			);
			runOnlyForDeploymentPostprocessing = 0;
		};
/* End PBXFrameworksBuildPhase section */

/* Begin PBXGroup section */
		14E15A5EFF65D3B65345B362 /* Controllers */ = {
			isa = PBXGroup;
			children = (
			);
			path = Controllers;
			sourceTree = "<group>";
		};
		232A82002FF49AA300100CFB /* Products */ = {
			isa = PBXGroup;
			children = (
				232A821C2FF49AA300100CFB /* MSAL.framework */,
				232A821E2FF49AA300100CFB /* "MSAL-iOS-UI-Tests".xctest */,
				232A82202FF49AA300100CFB /* MSAL.framework */,
				232A82222FF49AA300100CFB /* "MSAL-Mac-Unit-Tests".xctest */,
				232A82242FF49AA300100CFB /* MSAL Test App.app */,
				232A82262FF49AA300100CFB /* MSAL Test Automation (iOS).app */,
				232A82282FF49AA300100CFB /* unit-test-host.app */,
				232A822A2FF49AA300100CFB /* InteractiveiOSTests.xctest */,
				232A822C2FF49AA300100CFB /* MultiAppiOSTests.xctest */,
				232A822E2FF49AA300100CFB /* MSAL Test App (Mac).app */,
				232A82302FF49AA300100CFB /* libMSAL (iOS Static Library).a */,
				232A82322FF49AA300100CFB /* libMSAL (macOS Static Library).a */,
				232A82342FF49AA300100CFB /* unit-test-host-mac.app */,
				232A82362FF49AA300100CFB /* MSAL iOS Native Auth Integration Tests.xctest */,
				232A82382FF49AA300100CFB /* MSAL Test App.app */,
				232A823A2FF49AA300100CFB /* MSAL iOS Native Auth E2E Tests.xctest */,
				232A823C2FF49AA300100CFB /* MSAL Mac Native Auth Integration Tests.xctest */,
				232A823E2FF49AA300100CFB /* MSAL Mac Native Auth E2E Tests.xctest */,
			);
			name = Products;
			sourceTree = "<group>";
		};
		34CDD7AE16B7ABAC6E3EC120 /* Views */ = {
			isa = PBXGroup;
			children = (
				2387CCE42FFC659000E30923 /* SignInView.swift */,
				AA10SHEETVIEWS0001GROUP0 /* SheetViews */,
				E8F1422AA694CF5B65FD1336 /* SignedInView.swift */,
			);
			path = Views;
			sourceTree = "<group>";
		};
		5B89B5D04B426A7B5D026AE8 /* ViewModels */ = {
			isa = PBXGroup;
			children = (
				FE331E00CE11A4B00C4042E0 /* SignInViewModel.swift */,
				FE331E02CE11A4B00C4042E2 /* SignInViewModel+V1.swift */,
				FE331E04CE11A4B00C4042E4 /* SignInViewModel+V2.swift */,
				FE331E10CE11A4B00C4042F0 /* SignInViewModelV2ObjC.h */,
				FE331E12CE11A4B00C4042F2 /* SignInViewModelV2ObjC.m */,
				FE331E14CE11A4B00C4042F4 /* SignInViewModel+V2ObjCBridge.swift */,
				5BE34D6EAE7D82693A264775 /* SignInViewModel+SignUp.swift */,
				B67F492BB21A35BD2BC73152 /* SignInViewModel+ProtectedAPI.swift */,
				C0E4452E9673429297190A90 /* SignInViewModel+WebSocial.swift */,
				CE194F13921977D88346BA4A /* SignInViewModel+V1ObjCBridge.swift */,
				D95542588097B4BC9EA53CD2 /* SignInViewModelV1ObjC.m */,
				9C5B4F6D9560AF9ED168B07B /* SignInViewModelV1ObjC.h */,
			);
			path = ViewModels;
			sourceTree = "<group>";
		};
		689C926C019C36260FDA441D /* SignIn */ = {
			isa = PBXGroup;
			children = (
				34CDD7AE16B7ABAC6E3EC120 /* Views */,
				5B89B5D04B426A7B5D026AE8 /* ViewModels */,
				14E15A5EFF65D3B65345B362 /* Controllers */,
			);
			path = SignIn;
			sourceTree = "<group>";
		};
		9B08476729969264003BA4B4 = {
			isa = PBXGroup;
			children = (
				9B08477229969264003BA4B4 /* NativeAuthSampleApp */,
				9B08477129969264003BA4B4 /* Products */,
				9BB32E4A29A6750800BD7D89 /* Frameworks */,
				232A81FB2FF49A9200100CFB /* MSAL.xcodeproj */,
				2BA1498CA6178151ABE704E3 /* NativeAuthSampleAppApp.swift */,
			);
			sourceTree = "<group>";
		};
		9B08477129969264003BA4B4 /* Products */ = {
			isa = PBXGroup;
			children = (
				9B08477029969264003BA4B4 /* NativeAuthSampleApp.app */,
			);
			name = Products;
			sourceTree = "<group>";
		};
		9B08477229969264003BA4B4 /* NativeAuthSampleApp */ = {
			isa = PBXGroup;
			children = (
				9BE0CE5F29EEE00B00F2C77F /* Configuration.swift */,
				9B73CAD929F6DAC200FC7129 /* Scenario View Controllers */,
				9B73CACB29F6DAA300FC7129 /* Modal View Controllers */,
				689C926C019C36260FDA441D /* SignIn */,
				DE2D14EE2E858B24001FC199 /* Table View Cells */,
				9BFB690129E0002B006F0CF4 /* NativeAuthSampleApp.entitlements */,
				9B08477C29969265003BA4B4 /* Assets.xcassets */,
				9B08478129969265003BA4B4 /* Info.plist */,
			);
			path = NativeAuthSampleApp;
			sourceTree = "<group>";
		};
		9B73CACB29F6DAA300FC7129 /* Modal View Controllers */ = {
			isa = PBXGroup;
			children = (
			);
			name = "Modal View Controllers";
			sourceTree = "<group>";
		};
		9B73CAD929F6DAC200FC7129 /* Scenario View Controllers */ = {
			isa = PBXGroup;
			children = (
				9B9125012A0A90DB006F91E8 /* Objective-C Scenario */,
			);
			name = "Scenario View Controllers";
			sourceTree = "<group>";
		};
		9B9125012A0A90DB006F91E8 /* Objective-C Scenario */ = {
			isa = PBXGroup;
			children = (
				9B9DD5172A053E8600042B43 /* NativeAuthSampleApp-Bridging-Header.h */,
			);
			name = "Objective-C Scenario";
			sourceTree = "<group>";
		};
		9BB32E4A29A6750800BD7D89 /* Frameworks */ = {
			isa = PBXGroup;
			children = (
			);
			name = Frameworks;
			sourceTree = "<group>";
		};
		DE2D14EE2E858B24001FC199 /* Table View Cells */ = {
			isa = PBXGroup;
			children = (
			);
			path = "Table View Cells";
			sourceTree = "<group>";
		};
		AA10SHEETVIEWS0001GROUP0 /* SheetViews */ = {
			isa = PBXGroup;
			children = (
				64624F33962651BEA10814E8 /* VerifyCodeSheet.swift */,
				ED154C1C8FE89752B0CC6DE3 /* NewPasswordSheet.swift */,
				3DA6427EAF35F7901EA7B481 /* CollectAttributesSheet.swift */,
				747B41E7965CA916B9344C2A /* SelectAuthMethodSheet.swift */,
			);
			name = SheetViews;
			sourceTree = "<group>";
		};
/* End PBXGroup section */

/* Begin PBXHeadersBuildPhase section */
		598B40B4B52219E19C8D9DBB /* Headers */ = {
			isa = PBXHeadersBuildPhase;
			buildActionMask = 2147483647;
			files = (
				409240E784CE9398B9C4D8EF /* SignInViewModelV1ObjC.h in Headers */,
			);
			runOnlyForDeploymentPostprocessing = 0;
		};
/* End PBXHeadersBuildPhase section */

/* Begin PBXNativeTarget section */
		9B08476F29969264003BA4B4 /* NativeAuthSampleApp */ = {
			isa = PBXNativeTarget;
			buildConfigurationList = 9B08478429969265003BA4B4 /* Build configuration list for PBXNativeTarget "NativeAuthSampleApp" */;
			buildPhases = (
				9B08476C29969264003BA4B4 /* Sources */,
				9B08476D29969264003BA4B4 /* Frameworks */,
				9B08476E29969264003BA4B4 /* Resources */,
				232A82412FF49AF500100CFB /* Embed Frameworks */,
				598B40B4B52219E19C8D9DBB /* Headers */,
			);
			buildRules = (
			);
			dependencies = (
			);
			name = NativeAuthSampleApp;
			productName = NativeAuthSampleApp;
			productReference = 9B08477029969264003BA4B4 /* NativeAuthSampleApp.app */;
			productType = "com.apple.product-type.application";
		};
/* End PBXNativeTarget section */

/* Begin PBXProject section */
		9B08476829969264003BA4B4 /* Project object */ = {
			isa = PBXProject;
			attributes = {
				BuildIndependentTargetsInParallel = 1;
				LastSwiftUpdateCheck = 1420;
				LastUpgradeCheck = 1520;
				TargetAttributes = {
					9B08476F29969264003BA4B4 = {
						CreatedOnToolsVersion = 14.2;
						LastSwiftMigration = 1430;
					};
				};
			};
			buildConfigurationList = 9B08476B29969264003BA4B4 /* Build configuration list for PBXProject "NativeAuthSampleApp" */;
			compatibilityVersion = "Xcode 13.0";
			developmentRegion = en;
			hasScannedForEncodings = 0;
			knownRegions = (
				en,
				Base,
			);
			mainGroup = 9B08476729969264003BA4B4;
			productRefGroup = 9B08477129969264003BA4B4 /* Products */;
			projectDirPath = "";
			projectReferences = (
				{
					ProductGroup = 232A82002FF49AA300100CFB /* Products */;
					ProjectRef = 232A81FB2FF49A9200100CFB /* MSAL.xcodeproj */;
				},
			);
			projectRoot = "";
			targets = (
				9B08476F29969264003BA4B4 /* NativeAuthSampleApp */,
			);
		};
/* End PBXProject section */

/* Begin PBXReferenceProxy section */
		232A821C2FF49AA300100CFB /* MSAL.framework */ = {
			isa = PBXReferenceProxy;
			fileType = wrapper.framework;
			path = MSAL.framework;
			remoteRef = 232A821B2FF49AA300100CFB /* PBXContainerItemProxy */;
			sourceTree = BUILT_PRODUCTS_DIR;
		};
		232A821E2FF49AA300100CFB /* "MSAL-iOS-UI-Tests".xctest */ = {
			isa = PBXReferenceProxy;
			fileType = wrapper.cfbundle;
			path = "\"MSAL-iOS-UI-Tests\".xctest";
			remoteRef = 232A821D2FF49AA300100CFB /* PBXContainerItemProxy */;
			sourceTree = BUILT_PRODUCTS_DIR;
		};
		232A82202FF49AA300100CFB /* MSAL.framework */ = {
			isa = PBXReferenceProxy;
			fileType = wrapper.framework;
			path = MSAL.framework;
			remoteRef = 232A821F2FF49AA300100CFB /* PBXContainerItemProxy */;
			sourceTree = BUILT_PRODUCTS_DIR;
		};
		232A82222FF49AA300100CFB /* "MSAL-Mac-Unit-Tests".xctest */ = {
			isa = PBXReferenceProxy;
			fileType = wrapper.cfbundle;
			path = "\"MSAL-Mac-Unit-Tests\".xctest";
			remoteRef = 232A82212FF49AA300100CFB /* PBXContainerItemProxy */;
			sourceTree = BUILT_PRODUCTS_DIR;
		};
		232A82242FF49AA300100CFB /* MSAL Test App.app */ = {
			isa = PBXReferenceProxy;
			fileType = wrapper.application;
			path = "MSAL Test App.app";
			remoteRef = 232A82232FF49AA300100CFB /* PBXContainerItemProxy */;
			sourceTree = BUILT_PRODUCTS_DIR;
		};
		232A82262FF49AA300100CFB /* MSAL Test Automation (iOS).app */ = {
			isa = PBXReferenceProxy;
			fileType = wrapper.application;
			path = "MSAL Test Automation (iOS).app";
			remoteRef = 232A82252FF49AA300100CFB /* PBXContainerItemProxy */;
			sourceTree = BUILT_PRODUCTS_DIR;
		};
		232A82282FF49AA300100CFB /* unit-test-host.app */ = {
			isa = PBXReferenceProxy;
			fileType = wrapper.application;
			path = "unit-test-host.app";
			remoteRef = 232A82272FF49AA300100CFB /* PBXContainerItemProxy */;
			sourceTree = BUILT_PRODUCTS_DIR;
		};
		232A822A2FF49AA300100CFB /* InteractiveiOSTests.xctest */ = {
			isa = PBXReferenceProxy;
			fileType = wrapper.cfbundle;
			path = InteractiveiOSTests.xctest;
			remoteRef = 232A82292FF49AA300100CFB /* PBXContainerItemProxy */;
			sourceTree = BUILT_PRODUCTS_DIR;
		};
		232A822C2FF49AA300100CFB /* MultiAppiOSTests.xctest */ = {
			isa = PBXReferenceProxy;
			fileType = wrapper.cfbundle;
			path = MultiAppiOSTests.xctest;
			remoteRef = 232A822B2FF49AA300100CFB /* PBXContainerItemProxy */;
			sourceTree = BUILT_PRODUCTS_DIR;
		};
		232A822E2FF49AA300100CFB /* MSAL Test App (Mac).app */ = {
			isa = PBXReferenceProxy;
			fileType = wrapper.application;
			path = "MSAL Test App (Mac).app";
			remoteRef = 232A822D2FF49AA300100CFB /* PBXContainerItemProxy */;
			sourceTree = BUILT_PRODUCTS_DIR;
		};
		232A82302FF49AA300100CFB /* libMSAL (iOS Static Library).a */ = {
			isa = PBXReferenceProxy;
			fileType = archive.ar;
			path = "libMSAL (iOS Static Library).a";
			remoteRef = 232A822F2FF49AA300100CFB /* PBXContainerItemProxy */;
			sourceTree = BUILT_PRODUCTS_DIR;
		};
		232A82322FF49AA300100CFB /* libMSAL (macOS Static Library).a */ = {
			isa = PBXReferenceProxy;
			fileType = archive.ar;
			path = "libMSAL (macOS Static Library).a";
			remoteRef = 232A82312FF49AA300100CFB /* PBXContainerItemProxy */;
			sourceTree = BUILT_PRODUCTS_DIR;
		};
		232A82342FF49AA300100CFB /* unit-test-host-mac.app */ = {
			isa = PBXReferenceProxy;
			fileType = wrapper.application;
			path = "unit-test-host-mac.app";
			remoteRef = 232A82332FF49AA300100CFB /* PBXContainerItemProxy */;
			sourceTree = BUILT_PRODUCTS_DIR;
		};
		232A82362FF49AA300100CFB /* MSAL iOS Native Auth Integration Tests.xctest */ = {
			isa = PBXReferenceProxy;
			fileType = wrapper.cfbundle;
			path = "MSAL iOS Native Auth Integration Tests.xctest";
			remoteRef = 232A82352FF49AA300100CFB /* PBXContainerItemProxy */;
			sourceTree = BUILT_PRODUCTS_DIR;
		};
		232A82382FF49AA300100CFB /* MSAL Test App.app */ = {
			isa = PBXReferenceProxy;
			fileType = wrapper.application;
			path = "MSAL Test App.app";
			remoteRef = 232A82372FF49AA300100CFB /* PBXContainerItemProxy */;
			sourceTree = BUILT_PRODUCTS_DIR;
		};
		232A823A2FF49AA300100CFB /* MSAL iOS Native Auth E2E Tests.xctest */ = {
			isa = PBXReferenceProxy;
			fileType = wrapper.cfbundle;
			path = "MSAL iOS Native Auth E2E Tests.xctest";
			remoteRef = 232A82392FF49AA300100CFB /* PBXContainerItemProxy */;
			sourceTree = BUILT_PRODUCTS_DIR;
		};
		232A823C2FF49AA300100CFB /* MSAL Mac Native Auth Integration Tests.xctest */ = {
			isa = PBXReferenceProxy;
			fileType = wrapper.cfbundle;
			path = "MSAL Mac Native Auth Integration Tests.xctest";
			remoteRef = 232A823B2FF49AA300100CFB /* PBXContainerItemProxy */;
			sourceTree = BUILT_PRODUCTS_DIR;
		};
		232A823E2FF49AA300100CFB /* MSAL Mac Native Auth E2E Tests.xctest */ = {
			isa = PBXReferenceProxy;
			fileType = wrapper.cfbundle;
			path = "MSAL Mac Native Auth E2E Tests.xctest";
			remoteRef = 232A823D2FF49AA300100CFB /* PBXContainerItemProxy */;
			sourceTree = BUILT_PRODUCTS_DIR;
		};
/* End PBXReferenceProxy section */

/* Begin PBXResourcesBuildPhase section */
		9B08476E29969264003BA4B4 /* Resources */ = {
			isa = PBXResourcesBuildPhase;
			buildActionMask = 2147483647;
			files = (
				9B08477D29969265003BA4B4 /* Assets.xcassets in Resources */,
			);
			runOnlyForDeploymentPostprocessing = 0;
		};
/* End PBXResourcesBuildPhase section */

/* Begin PBXSourcesBuildPhase section */
		9B08476C29969264003BA4B4 /* Sources */ = {
			isa = PBXSourcesBuildPhase;
			buildActionMask = 2147483647;
			files = (
				194A56808D449E1A9F82E768 /* SignInViewModel.swift in Sources */,
				FE331E01CE11A4B00C4042E1 /* SignInViewModel+V1.swift in Sources */,
				FE331E03CE11A4B00C4042E3 /* SignInViewModel+V2.swift in Sources */,
				FE331E13CE11A4B00C4042F3 /* SignInViewModelV2ObjC.m in Sources */,
				FE331E15CE11A4B00C4042F5 /* SignInViewModel+V2ObjCBridge.swift in Sources */,
				2387CCE52FFC659000E30923 /* SignInView.swift in Sources */,
				9BE0CE6029EEE00B00F2C77F /* Configuration.swift in Sources */,
				F2134E5C9F3FD49314DE35CB /* NativeAuthSampleAppApp.swift in Sources */,
				2D1249EA8F479B4559696DDA /* SignedInView.swift in Sources */,
				09F844D49F0383B4422ECB96 /* VerifyCodeSheet.swift in Sources */,
				F5974EC3BFBC0077F850909C /* NewPasswordSheet.swift in Sources */,
				CB4044A9BEACF3494BB12E65 /* CollectAttributesSheet.swift in Sources */,
				CE6441C6B6DF4566A12AA6F7 /* SelectAuthMethodSheet.swift in Sources */,
				DDE342B0935E1834D6B6659B /* SignInViewModel+SignUp.swift in Sources */,
				6AF8427BAB532E199CA3C23E /* SignInViewModel+ProtectedAPI.swift in Sources */,
				B5684EFFBF5C576F0191DBC1 /* SignInViewModel+WebSocial.swift in Sources */,
				F9934A3790CDF3596761055C /* SignInViewModel+V1ObjCBridge.swift in Sources */,
				7FE446A0BEAE43DF213A33D8 /* SignInViewModelV1ObjC.m in Sources */,
			);
			runOnlyForDeploymentPostprocessing = 0;
		};
/* End PBXSourcesBuildPhase section */

/* Begin PBXVariantGroup section */
/* End PBXVariantGroup section */

/* Begin XCBuildConfiguration section */
		9B08478229969265003BA4B4 /* Debug */ = {
			isa = XCBuildConfiguration;
			buildSettings = {
				ALWAYS_SEARCH_USER_PATHS = NO;
				CLANG_ANALYZER_NONNULL = YES;
				CLANG_ANALYZER_NUMBER_OBJECT_CONVERSION = YES_AGGRESSIVE;
				CLANG_CXX_LANGUAGE_STANDARD = "gnu++20";
				CLANG_ENABLE_MODULES = YES;
				CLANG_ENABLE_OBJC_ARC = YES;
				CLANG_ENABLE_OBJC_WEAK = YES;
				CLANG_WARN_BLOCK_CAPTURE_AUTORELEASING = YES;
				CLANG_WARN_BOOL_CONVERSION = YES;
				CLANG_WARN_COMMA = YES;
				CLANG_WARN_CONSTANT_CONVERSION = YES;
				CLANG_WARN_DEPRECATED_OBJC_IMPLEMENTATIONS = YES;
				CLANG_WARN_DIRECT_OBJC_ISA_USAGE = YES_ERROR;
				CLANG_WARN_DOCUMENTATION_COMMENTS = YES;
				CLANG_WARN_EMPTY_BODY = YES;
				CLANG_WARN_ENUM_CONVERSION = YES;
				CLANG_WARN_INFINITE_RECURSION = YES;
				CLANG_WARN_INT_CONVERSION = YES;
				CLANG_WARN_NON_LITERAL_NULL_CONVERSION = YES;
				CLANG_WARN_OBJC_IMPLICIT_RETAIN_SELF = YES;
				CLANG_WARN_OBJC_LITERAL_CONVERSION = YES;
				CLANG_WARN_OBJC_ROOT_CLASS = YES_ERROR;
				CLANG_WARN_QUOTED_INCLUDE_IN_FRAMEWORK_HEADER = YES;
				CLANG_WARN_RANGE_LOOP_ANALYSIS = YES;
				CLANG_WARN_STRICT_PROTOTYPES = YES;
				CLANG_WARN_SUSPICIOUS_MOVE = YES;
				CLANG_WARN_UNGUARDED_AVAILABILITY = YES_AGGRESSIVE;
				CLANG_WARN_UNREACHABLE_CODE = YES;
				CLANG_WARN__DUPLICATE_METHOD_MATCH = YES;
				COPY_PHASE_STRIP = NO;
				DEBUG_INFORMATION_FORMAT = dwarf;
				ENABLE_STRICT_OBJC_MSGSEND = YES;
				ENABLE_TESTABILITY = YES;
				GCC_C_LANGUAGE_STANDARD = gnu11;
				GCC_DYNAMIC_NO_PIC = NO;
				GCC_NO_COMMON_BLOCKS = YES;
				GCC_OPTIMIZATION_LEVEL = 0;
				GCC_PREPROCESSOR_DEFINITIONS = (
					"DEBUG=1",
					"$(inherited)",
				);
				GCC_WARN_64_TO_32_BIT_CONVERSION = YES;
				GCC_WARN_ABOUT_RETURN_TYPE = YES_ERROR;
				GCC_WARN_UNDECLARED_SELECTOR = YES;
				GCC_WARN_UNINITIALIZED_AUTOS = YES_AGGRESSIVE;
				GCC_WARN_UNUSED_FUNCTION = YES;
				GCC_WARN_UNUSED_VARIABLE = YES;
				IPHONEOS_DEPLOYMENT_TARGET = 16.6;
				MTL_ENABLE_DEBUG_INFO = INCLUDE_SOURCE;
				MTL_FAST_MATH = YES;
				ONLY_ACTIVE_ARCH = YES;
				SDKROOT = iphoneos;
				SWIFT_ACTIVE_COMPILATION_CONDITIONS = DEBUG;
				SWIFT_OPTIMIZATION_LEVEL = "-Onone";
			};
			name = Debug;
		};
		9B08478329969265003BA4B4 /* Release */ = {
			isa = XCBuildConfiguration;
			buildSettings = {
				ALWAYS_SEARCH_USER_PATHS = NO;
				CLANG_ANALYZER_NONNULL = YES;
				CLANG_ANALYZER_NUMBER_OBJECT_CONVERSION = YES_AGGRESSIVE;
				CLANG_CXX_LANGUAGE_STANDARD = "gnu++20";
				CLANG_ENABLE_MODULES = YES;
				CLANG_ENABLE_OBJC_ARC = YES;
				CLANG_ENABLE_OBJC_WEAK = YES;
				CLANG_WARN_BLOCK_CAPTURE_AUTORELEASING = YES;
				CLANG_WARN_BOOL_CONVERSION = YES;
				CLANG_WARN_COMMA = YES;
				CLANG_WARN_CONSTANT_CONVERSION = YES;
				CLANG_WARN_DEPRECATED_OBJC_IMPLEMENTATIONS = YES;
				CLANG_WARN_DIRECT_OBJC_ISA_USAGE = YES_ERROR;
				CLANG_WARN_DOCUMENTATION_COMMENTS = YES;
				CLANG_WARN_EMPTY_BODY = YES;
				CLANG_WARN_ENUM_CONVERSION = YES;
				CLANG_WARN_INFINITE_RECURSION = YES;
				CLANG_WARN_INT_CONVERSION = YES;
				CLANG_WARN_NON_LITERAL_NULL_CONVERSION = YES;
				CLANG_WARN_OBJC_IMPLICIT_RETAIN_SELF = YES;
				CLANG_WARN_OBJC_LITERAL_CONVERSION = YES;
				CLANG_WARN_OBJC_ROOT_CLASS = YES_ERROR;
				CLANG_WARN_QUOTED_INCLUDE_IN_FRAMEWORK_HEADER = YES;
				CLANG_WARN_RANGE_LOOP_ANALYSIS = YES;
				CLANG_WARN_STRICT_PROTOTYPES = YES;
				CLANG_WARN_SUSPICIOUS_MOVE = YES;
				CLANG_WARN_UNGUARDED_AVAILABILITY = YES_AGGRESSIVE;
				CLANG_WARN_UNREACHABLE_CODE = YES;
				CLANG_WARN__DUPLICATE_METHOD_MATCH = YES;
				COPY_PHASE_STRIP = NO;
				DEBUG_INFORMATION_FORMAT = "dwarf-with-dsym";
				ENABLE_NS_ASSERTIONS = NO;
				ENABLE_STRICT_OBJC_MSGSEND = YES;
				GCC_C_LANGUAGE_STANDARD = gnu11;
				GCC_NO_COMMON_BLOCKS = YES;
				GCC_WARN_64_TO_32_BIT_CONVERSION = YES;
				GCC_WARN_ABOUT_RETURN_TYPE = YES_ERROR;
				GCC_WARN_UNDECLARED_SELECTOR = YES;
				GCC_WARN_UNINITIALIZED_AUTOS = YES_AGGRESSIVE;
				GCC_WARN_UNUSED_FUNCTION = YES;
				GCC_WARN_UNUSED_VARIABLE = YES;
				IPHONEOS_DEPLOYMENT_TARGET = 16.6;
				MTL_ENABLE_DEBUG_INFO = NO;
				MTL_FAST_MATH = YES;
				SDKROOT = iphoneos;
				SWIFT_COMPILATION_MODE = wholemodule;
				SWIFT_OPTIMIZATION_LEVEL = "-O";
				VALIDATE_PRODUCT = YES;
			};
			name = Release;
		};
		9B08478529969265003BA4B4 /* Debug */ = {
			isa = XCBuildConfiguration;
			buildSettings = {
				ASSETCATALOG_COMPILER_APPICON_NAME = AppIcon;
				ASSETCATALOG_COMPILER_GLOBAL_ACCENT_COLOR_NAME = AccentColor;
				CLANG_ENABLE_MODULES = YES;
				CLANG_WARN_QUOTED_INCLUDE_IN_FRAMEWORK_HEADER = NO;
				CODE_SIGN_ENTITLEMENTS = NativeAuthSampleApp/NativeAuthSampleApp.entitlements;
				CODE_SIGN_STYLE = Automatic;
				CURRENT_PROJECT_VERSION = 1;
				DEVELOPMENT_TEAM = UBF8T346G9;
				GENERATE_INFOPLIST_FILE = YES;
				INFOPLIST_FILE = NativeAuthSampleApp/Info.plist;
				INFOPLIST_KEY_UIApplicationSupportsIndirectInputEvents = YES;
				INFOPLIST_KEY_UILaunchScreen_Generation = YES;
				INFOPLIST_KEY_UISupportedInterfaceOrientations = UIInterfaceOrientationPortrait;
				INFOPLIST_KEY_UISupportedInterfaceOrientations_iPad = "UIInterfaceOrientationLandscapeLeft UIInterfaceOrientationLandscapeRight UIInterfaceOrientationPortrait UIInterfaceOrientationPortraitUpsideDown";
				IPHONEOS_DEPLOYMENT_TARGET = 16.0;
				LD_RUNPATH_SEARCH_PATHS = (
					"$(inherited)",
					"@executable_path/Frameworks",
				);
				MARKETING_VERSION = 1.0;
				PRODUCT_BUNDLE_IDENTIFIER = com.microsoft.NativeAuthSampleApp;
				PRODUCT_NAME = "$(TARGET_NAME)";
				SWIFT_EMIT_LOC_STRINGS = YES;
				SWIFT_OBJC_BRIDGING_HEADER = "NativeAuthSampleApp/NativeAuthSampleApp-Bridging-Header.h";
				SWIFT_OPTIMIZATION_LEVEL = "-Onone";
				SWIFT_VERSION = 5.0;
				"CODE_SIGN_ENTITLEMENTS[sdk=macosx*]" = "NativeAuthSampleApp/NativeAuthSampleApp-macOS.entitlements";
				MACOSX_DEPLOYMENT_TARGET = 13.0;
				SDKROOT = auto;
				SUPPORTED_PLATFORMS = "iphoneos iphonesimulator macosx";
				TARGETED_DEVICE_FAMILY = "1,2";
			};
			name = Debug;
		};
		9B08478629969265003BA4B4 /* Release */ = {
			isa = XCBuildConfiguration;
			buildSettings = {
				ASSETCATALOG_COMPILER_APPICON_NAME = AppIcon;
				ASSETCATALOG_COMPILER_GLOBAL_ACCENT_COLOR_NAME = AccentColor;
				CLANG_ENABLE_MODULES = YES;
				CLANG_WARN_QUOTED_INCLUDE_IN_FRAMEWORK_HEADER = NO;
				CODE_SIGN_ENTITLEMENTS = NativeAuthSampleApp/NativeAuthSampleApp.entitlements;
				CODE_SIGN_STYLE = Automatic;
				CURRENT_PROJECT_VERSION = 1;
				DEVELOPMENT_TEAM = UBF8T346G9;
				GENERATE_INFOPLIST_FILE = YES;
				INFOPLIST_FILE = NativeAuthSampleApp/Info.plist;
				INFOPLIST_KEY_UIApplicationSupportsIndirectInputEvents = YES;
				INFOPLIST_KEY_UILaunchScreen_Generation = YES;
				INFOPLIST_KEY_UISupportedInterfaceOrientations = UIInterfaceOrientationPortrait;
				INFOPLIST_KEY_UISupportedInterfaceOrientations_iPad = "UIInterfaceOrientationLandscapeLeft UIInterfaceOrientationLandscapeRight UIInterfaceOrientationPortrait UIInterfaceOrientationPortraitUpsideDown";
				IPHONEOS_DEPLOYMENT_TARGET = 16.0;
				LD_RUNPATH_SEARCH_PATHS = (
					"$(inherited)",
					"@executable_path/Frameworks",
				);
				MARKETING_VERSION = 1.0;
				PRODUCT_BUNDLE_IDENTIFIER = com.microsoft.NativeAuthSampleApp;
				PRODUCT_NAME = "$(TARGET_NAME)";
				SWIFT_EMIT_LOC_STRINGS = YES;
				SWIFT_OBJC_BRIDGING_HEADER = "NativeAuthSampleApp/NativeAuthSampleApp-Bridging-Header.h";
				SWIFT_VERSION = 5.0;
				"CODE_SIGN_ENTITLEMENTS[sdk=macosx*]" = "NativeAuthSampleApp/NativeAuthSampleApp-macOS.entitlements";
				MACOSX_DEPLOYMENT_TARGET = 13.0;
				SDKROOT = auto;
				SUPPORTED_PLATFORMS = "iphoneos iphonesimulator macosx";
				TARGETED_DEVICE_FAMILY = "1,2";
			};
			name = Release;
		};
/* End XCBuildConfiguration section */

/* Begin XCConfigurationList section */
		9B08476B29969264003BA4B4 /* Build configuration list for PBXProject "NativeAuthSampleApp" */ = {
			isa = XCConfigurationList;
			buildConfigurations = (
				9B08478229969265003BA4B4 /* Debug */,
				9B08478329969265003BA4B4 /* Release */,
			);
			defaultConfigurationIsVisible = 0;
			defaultConfigurationName = Release;
		};
		9B08478429969265003BA4B4 /* Build configuration list for PBXNativeTarget "NativeAuthSampleApp" */ = {
			isa = XCConfigurationList;
			buildConfigurations = (
				9B08478529969265003BA4B4 /* Debug */,
				9B08478629969265003BA4B4 /* Release */,
			);
			defaultConfigurationIsVisible = 0;
			defaultConfigurationName = Release;
		};
/* End XCConfigurationList section */
	};
	rootObject = 9B08476829969264003BA4B4 /* Project object */;
}
