{
  "pins" : [
    {
      "identity" : "microsoft-authentication-library-for-objc",
      "kind" : "remoteSourceControl",
      "location" : "https://github.com/AzureAD/microsoft-authentication-library-for-objc",
      "state" : {
        "branch" : "spetrescu/january-release-testspm",
        "revision" : "1d0960fc82933b6c5f023d79d7f426ab3df4bd0d"
      }
    }
  ],
  "version" : 2
}
