{
  "pins" : [
    {
      "identity" : "microsoft-authentication-library-for-objc",
      "kind" : "remoteSourceControl",
      "location" : "https://github.com/AzureAD/microsoft-authentication-library-for-objc",
      "state" : {
        "branch" : "spetrescu/january-release-testspm",
        "revision" : "0227495afc89d4889ff5124c9fa03c57755a273d"
      }
    }
  ],
  "version" : 2
}
